
Microsoft Visual Studio Solution File, Format Version 12.00
# Visual Studio Version 17
VisualStudioVersion = 17.8.34316.72
MinimumVisualStudioVersion = 10.0.40219.1
Project("{FAE04EC0-301F-11D3-BF4B-00C04F79EFBC}") = "Student registration system", "Student registration system\Student registration system.csproj", "{5FC8B829-0062-49AC-9DC8-5EDA43B56F72}"
EndProject
Global
	GlobalSection(SolutionConfigurationPlatforms) = preSolution
		Debug|Any CPU = Debug|Any CPU
		Release|Any CPU = Release|Any CPU
	EndGlobalSection
	GlobalSection(ProjectConfigurationPlatforms) = postSolution
		{5FC8B829-0062-49AC-9DC8-5EDA43B56F72}.Debug|Any CPU.ActiveCfg = Debug|Any CPU
		{5FC8B829-0062-49AC-9DC8-5EDA43B56F72}.Debug|Any CPU.Build.0 = Debug|Any CPU
		{5FC8B829-0062-49AC-9DC8-5EDA43B56F72}.Release|Any CPU.ActiveCfg = Release|Any CPU
		{5FC8B829-0062-49AC-9DC8-5EDA43B56F72}.Release|Any CPU.Build.0 = Release|Any CPU
	EndGlobalSection
	GlobalSection(SolutionProperties) = preSolution
		HideSolutionNode = FALSE
	EndGlobalSection
	GlobalSection(ExtensibilityGlobals) = postSolution
		SolutionGuid = {49DCF474-897D-4BA9-80FB-5EB9DB31B4FC}
	EndGlobalSection
EndGlobal
